<Solution>
  <Folder Name="/Api/">
    <Project Path="SistemaVentasETL.Api/SistemaVentasETL.Api.csproj" Id="abb1f791-e767-4718-ad7a-cd02b19e43cf" />
  </Folder>
  <Folder Name="/Core/">
    <Project Path="SistemaVentasETL.Data/SistemaVentasETL.Data.csproj" />
  </Folder>
  <Folder Name="/Presentation/">
    <Project Path="SistemaVentasETL.Load/SistemaVentasETL.Load.csproj" Id="40c826dd-4eb9-4650-9061-78bd93bc598c" />
  </Folder>
</Solution>
